
Microsoft Visual Studio Solution File, Format Version 12.00
# Visual Studio Version 16
VisualStudioVersion = 16.0.34031.81
MinimumVisualStudioVersion = 10.0.40219.1
Project("{2150E333-8FDC-42A3-9474-1A3956D46DE8}") = "Task0", "Task0", "{86C3BAA7-522F-447E-A744-DA0005F4E4C5}"
EndProject
Project("{FAE04EC0-301F-11D3-BF4B-00C04F79EFBC}") = "Tyuiu.ZainagabdinovR.A.Sprint1.Task0.V8", "Tyuiu.ZainagabdinovR.A.Sprint1.Task0.V8\Tyuiu.ZainagabdinovR.A.Sprint1.Task0.V8.csproj", "{04AD14C8-9A4D-47B0-8F60-D49D36A6A6EB}"
EndProject
Project("{FAE04EC0-301F-11D3-BF4B-00C04F79EFBC}") = "Tyuiu.ZainagabdinovR.A.Sprint1.Task0.V8.Lib", "Tyuiu.ZainagabdinovR.A.Sprint1.Task0.V8.Lib\Tyuiu.ZainagabdinovR.A.Sprint1.Task0.V8.Lib.csproj", "{8321C2D1-ADEB-4FC7-9301-59C8762D531F}"
EndProject
Project("{FAE04EC0-301F-11D3-BF4B-00C04F79EFBC}") = "Tyuiu.ZainagabdinovR.A.Sprint1.Task0.V8.Test", "Tyuiu.ZainagabdinovR.A.Sprint1.Task0.V8.Test\Tyuiu.ZainagabdinovR.A.Sprint1.Task0.V8.Test.csproj", "{95B28600-5322-40C4-8909-B330E80EA80D}"
EndProject
Project("{2150E333-8FDC-42A3-9474-1A3956D46DE8}") = "Task1", "Task1", "{BA6AD819-9D99-4120-B36B-B02B6B95AC81}"
EndProject
Project("{FAE04EC0-301F-11D3-BF4B-00C04F79EFBC}") = "Tyuiu.ZainagabdinovR.A.Sprint1.Task1.V20", "Tyuiu.ZainagabdinovR.A.Sprint1.Task1.V20\Tyuiu.ZainagabdinovR.A.Sprint1.Task1.V20.csproj", "{C6CCC019-6A3D-4C0D-A818-8AA835E87185}"
EndProject
Project("{FAE04EC0-301F-11D3-BF4B-00C04F79EFBC}") = "Tyuiu.ZainagabdinovR.A.Sprint1.Task1.V20.Lib", "Tyuiu.ZainagabdinovR.A.Sprint1.Task1.V20.Lib\Tyuiu.ZainagabdinovR.A.Sprint1.Task1.V20.Lib.csproj", "{390F541E-ED4A-4D43-833C-C085D33AD13F}"
EndProject
Project("{FAE04EC0-301F-11D3-BF4B-00C04F79EFBC}") = "Tyuiu.ZainagabdinovR.A.Sprint1.Task1.V20.Test", "Tyuiu.ZainagabdinovR.A.Sprint1.Task1.V20.Test\Tyuiu.ZainagabdinovR.A.Sprint1.Task1.V20.Test.csproj", "{1212DC93-1898-4EFD-9692-81D4CD18511D}"
EndProject
Project("{2150E333-8FDC-42A3-9474-1A3956D46DE8}") = "Task2", "Task2", "{13E7A6FB-123E-4318-AD08-C34D7029FCE8}"
EndProject
Project("{FAE04EC0-301F-11D3-BF4B-00C04F79EFBC}") = "Tyuiu.ZainagabdinovR.A.Sprint1.Task2.V24", "Tyuiu.ZainagabdinovR.A.Sprint1.Task2.V24\Tyuiu.ZainagabdinovR.A.Sprint1.Task2.V24.csproj", "{B43ED2D4-EE0F-4041-A8DF-58C81583170A}"
EndProject
Project("{FAE04EC0-301F-11D3-BF4B-00C04F79EFBC}") = "Tyuiu.ZainagabdinovR.A.Sprint1.Task2.V24.Lib", "Tyuiu.ZainagabdinovR.A.Sprint1.Task2.V24.Lib\Tyuiu.ZainagabdinovR.A.Sprint1.Task2.V24.Lib.csproj", "{9FBC4169-0F7D-48A8-8005-F473A099BD28}"
EndProject
Project("{FAE04EC0-301F-11D3-BF4B-00C04F79EFBC}") = "Tyuiu.ZainagabdinovR.A.Sprint1.Task2.V24.Test", "Tyuiu.ZainagabdinovR.A.Sprint1.Task2.V24.Test\Tyuiu.ZainagabdinovR.A.Sprint1.Task2.V24.Test.csproj", "{ECE029EA-8529-4CC2-BCF5-41BB92309281}"
EndProject
Project("{2150E333-8FDC-42A3-9474-1A3956D46DE8}") = "Task3", "Task3", "{41DA403C-476C-4E5D-B446-F43E1B209FC7}"
EndProject
Project("{FAE04EC0-301F-11D3-BF4B-00C04F79EFBC}") = "Tyuiu.ZainagabdinovR.A.Sprint1.Task3.V6", "Tyuiu.ZainagabdinovR.A.Sprint1.Task3.V6\Tyuiu.ZainagabdinovR.A.Sprint1.Task3.V6.csproj", "{C68BBF4A-2931-4DA7-8F48-22996C0C8FFA}"
EndProject
Project("{FAE04EC0-301F-11D3-BF4B-00C04F79EFBC}") = "Tyuiu.ZainagabdinovR.A.Sprint1.Task3.V6.Lib", "Tyuiu.ZainagabdinovR.A.Sprint1.Task3.V6.Lib\Tyuiu.ZainagabdinovR.A.Sprint1.Task3.V6.Lib.csproj", "{37180D23-8E28-4B8A-B62D-543E4250139F}"
EndProject
Project("{FAE04EC0-301F-11D3-BF4B-00C04F79EFBC}") = "Tyuiu.ZainagabdinovR.A.Sprint1.Task3.V6.Test", "Tyuiu.ZainagabdinovR.A.Sprint1.Task3.V6.Test\Tyuiu.ZainagabdinovR.A.Sprint1.Task3.V6.Test.csproj", "{11BA2FC2-F95C-4C14-A696-BAF1B3E1D5F7}"
EndProject
Project("{2150E333-8FDC-42A3-9474-1A3956D46DE8}") = "Task4", "Task4", "{C269E305-D568-4C04-ABEF-891FDBAB1ACB}"
EndProject
Project("{FAE04EC0-301F-11D3-BF4B-00C04F79EFBC}") = "Tyuiu.ZainagabdinovR.A.Sprint1.Task4.V19", "Tyuiu.ZainagabdinovR.A.Sprint1.Task4.V19\Tyuiu.ZainagabdinovR.A.Sprint1.Task4.V19.csproj", "{8F70D040-A37E-454F-9467-27085078FF31}"
EndProject
Project("{FAE04EC0-301F-11D3-BF4B-00C04F79EFBC}") = "Tyuiu.ZainagabdinovR.A.Sprint1.Task4.V19.Lib", "Tyuiu.ZainagabdinovR.A.Sprint1.Task4.V19.Lib\Tyuiu.ZainagabdinovR.A.Sprint1.Task4.V19.Lib.csproj", "{FC7144E0-9E63-413C-A42A-42943C43EC81}"
EndProject
Project("{FAE04EC0-301F-11D3-BF4B-00C04F79EFBC}") = "Tyuiu.ZainagabdinovR.A.Sprint1.Task4.V19.Test", "Tyuiu.ZainagabdinovR.A.Sprint1.Task4.V19.Test\Tyuiu.ZainagabdinovR.A.Sprint1.Task4.V19.Test.csproj", "{140E9CDD-0162-4994-8635-EF4F3C9848BE}"
EndProject
Project("{2150E333-8FDC-42A3-9474-1A3956D46DE8}") = "Task5", "Task5", "{C88B69AE-9C36-4B86-9863-B2CA19FDECA7}"
EndProject
Project("{FAE04EC0-301F-11D3-BF4B-00C04F79EFBC}") = "Tyuiu,ZainagabdinovR.A.Sprint1.Task5.V3", "Tyuiu,ZainagabdinovR.A.Sprint1.Task5.V3\Tyuiu,ZainagabdinovR.A.Sprint1.Task5.V3.csproj", "{AFF58E7E-BA12-4961-BB4C-2EAE1BCE8E72}"
EndProject
Project("{FAE04EC0-301F-11D3-BF4B-00C04F79EFBC}") = "Tyuiu.ZainagabdinovR.A.Sprint1.Task5.V3.Lib", "Tyuiu.ZainagabdinovR.A.Sprint1.Task5.V3.Lib\Tyuiu.ZainagabdinovR.A.Sprint1.Task5.V3.Lib.csproj", "{685F7E21-6D19-49C1-B44B-69E4BC30100B}"
EndProject
Project("{FAE04EC0-301F-11D3-BF4B-00C04F79EFBC}") = "Tyuiu.ZainagabdinovR.A.Sprint1.Task5.V3.Test", "Tyuiu.ZainagabdinovR.A.Sprint1.Task5.V3.Test\Tyuiu.ZainagabdinovR.A.Sprint1.Task5.V3.Test.csproj", "{C405F9E3-4310-4739-9FC0-0D2BEAFBF785}"
EndProject
Project("{2150E333-8FDC-42A3-9474-1A3956D46DE8}") = "Task6", "Task6", "{CA9331C5-BC13-4B0C-8795-3B279CA58353}"
EndProject
Project("{FAE04EC0-301F-11D3-BF4B-00C04F79EFBC}") = "Tyuiu.ZainagabdinovR.A.Sprint1.Task6.V4", "Tyuiu.ZainagabdinovR.A.Sprint1.Task6.V4\Tyuiu.ZainagabdinovR.A.Sprint1.Task6.V4.csproj", "{FC82F1EA-4CCA-4E3D-9272-3CA82B1E715C}"
EndProject
Project("{FAE04EC0-301F-11D3-BF4B-00C04F79EFBC}") = "Tyuiu.ZainagabdinovR.A.Sprint1.Task6.V4.Lib", "Tyuiu.ZainagabdinovR.A.Sprint1.Task6.V4.Lib\Tyuiu.ZainagabdinovR.A.Sprint1.Task6.V4.Lib.csproj", "{23AE2B9E-5474-4D69-A212-0FF94DEDD152}"
EndProject
Project("{FAE04EC0-301F-11D3-BF4B-00C04F79EFBC}") = "Tyuiu.ZainagabdinovR.A.Sprint1.Task6.V4.Test", "Tyuiu.ZainagabdinovR.A.Sprint1.Task6.V4.Test\Tyuiu.ZainagabdinovR.A.Sprint1.Task6.V4.Test.csproj", "{892D5702-EBE4-4346-A283-F8398DCE29E2}"
EndProject
Project("{2150E333-8FDC-42A3-9474-1A3956D46DE8}") = "Task7", "Task7", "{D62FAFE4-2BEB-4D6A-8F41-F20C7A30DADC}"
EndProject
Project("{FAE04EC0-301F-11D3-BF4B-00C04F79EFBC}") = "Tyuiu.ZainagabdinovR.A.Sprint1.Task7.V18", "Tyuiu.ZainagabdinovR.A.Sprint1.Task7.V18\Tyuiu.ZainagabdinovR.A.Sprint1.Task7.V18.csproj", "{6BDD492A-FA49-45A5-8E68-BA52F9D939A8}"
EndProject
Project("{FAE04EC0-301F-11D3-BF4B-00C04F79EFBC}") = "Tyuiu.ZainagabdinovR.A.Sprint1.Task7.V18.Lib", "Tyuiu.ZainagabdinovR.A.Sprint1.Task7.V18.Lib\Tyuiu.ZainagabdinovR.A.Sprint1.Task7.V18.Lib.csproj", "{83875237-B2E0-4FFD-9B8F-303612A3E212}"
EndProject
Project("{FAE04EC0-301F-11D3-BF4B-00C04F79EFBC}") = "Tyuiu.ZainagabdinovR.A.Sprint1.Task7.V18.Test", "Tyuiu.ZainagabdinovR.A.Sprint1.Task7.V18.Test\Tyuiu.ZainagabdinovR.A.Sprint1.Task7.V18.Test.csproj", "{183FE76E-D684-44FC-9B4B-5800712B5252}"
EndProject
Global
	GlobalSection(SolutionConfigurationPlatforms) = preSolution
		Debug|Any CPU = Debug|Any CPU
		Release|Any CPU = Release|Any CPU
	EndGlobalSection
	GlobalSection(ProjectConfigurationPlatforms) = postSolution
		{04AD14C8-9A4D-47B0-8F60-D49D36A6A6EB}.Debug|Any CPU.ActiveCfg = Debug|Any CPU
		{04AD14C8-9A4D-47B0-8F60-D49D36A6A6EB}.Debug|Any CPU.Build.0 = Debug|Any CPU
		{04AD14C8-9A4D-47B0-8F60-D49D36A6A6EB}.Release|Any CPU.ActiveCfg = Release|Any CPU
		{04AD14C8-9A4D-47B0-8F60-D49D36A6A6EB}.Release|Any CPU.Build.0 = Release|Any CPU
		{8321C2D1-ADEB-4FC7-9301-59C8762D531F}.Debug|Any CPU.ActiveCfg = Debug|Any CPU
		{8321C2D1-ADEB-4FC7-9301-59C8762D531F}.Debug|Any CPU.Build.0 = Debug|Any CPU
		{8321C2D1-ADEB-4FC7-9301-59C8762D531F}.Release|Any CPU.ActiveCfg = Release|Any CPU
		{8321C2D1-ADEB-4FC7-9301-59C8762D531F}.Release|Any CPU.Build.0 = Release|Any CPU
		{95B28600-5322-40C4-8909-B330E80EA80D}.Debug|Any CPU.ActiveCfg = Debug|Any CPU
		{95B28600-5322-40C4-8909-B330E80EA80D}.Debug|Any CPU.Build.0 = Debug|Any CPU
		{95B28600-5322-40C4-8909-B330E80EA80D}.Release|Any CPU.ActiveCfg = Release|Any CPU
		{95B28600-5322-40C4-8909-B330E80EA80D}.Release|Any CPU.Build.0 = Release|Any CPU
		{C6CCC019-6A3D-4C0D-A818-8AA835E87185}.Debug|Any CPU.ActiveCfg = Debug|Any CPU
		{C6CCC019-6A3D-4C0D-A818-8AA835E87185}.Debug|Any CPU.Build.0 = Debug|Any CPU
		{C6CCC019-6A3D-4C0D-A818-8AA835E87185}.Release|Any CPU.ActiveCfg = Release|Any CPU
		{C6CCC019-6A3D-4C0D-A818-8AA835E87185}.Release|Any CPU.Build.0 = Release|Any CPU
		{390F541E-ED4A-4D43-833C-C085D33AD13F}.Debug|Any CPU.ActiveCfg = Debug|Any CPU
		{390F541E-ED4A-4D43-833C-C085D33AD13F}.Debug|Any CPU.Build.0 = Debug|Any CPU
		{390F541E-ED4A-4D43-833C-C085D33AD13F}.Release|Any CPU.ActiveCfg = Release|Any CPU
		{390F541E-ED4A-4D43-833C-C085D33AD13F}.Release|Any CPU.Build.0 = Release|Any CPU
		{1212DC93-1898-4EFD-9692-81D4CD18511D}.Debug|Any CPU.ActiveCfg = Debug|Any CPU
		{1212DC93-1898-4EFD-9692-81D4CD18511D}.Debug|Any CPU.Build.0 = Debug|Any CPU
		{1212DC93-1898-4EFD-9692-81D4CD18511D}.Release|Any CPU.ActiveCfg = Release|Any CPU
		{1212DC93-1898-4EFD-9692-81D4CD18511D}.Release|Any CPU.Build.0 = Release|Any CPU
		{B43ED2D4-EE0F-4041-A8DF-58C81583170A}.Debug|Any CPU.ActiveCfg = Debug|Any CPU
		{B43ED2D4-EE0F-4041-A8DF-58C81583170A}.Debug|Any CPU.Build.0 = Debug|Any CPU
		{B43ED2D4-EE0F-4041-A8DF-58C81583170A}.Release|Any CPU.ActiveCfg = Release|Any CPU
		{B43ED2D4-EE0F-4041-A8DF-58C81583170A}.Release|Any CPU.Build.0 = Release|Any CPU
		{9FBC4169-0F7D-48A8-8005-F473A099BD28}.Debug|Any CPU.ActiveCfg = Debug|Any CPU
		{9FBC4169-0F7D-48A8-8005-F473A099BD28}.Debug|Any CPU.Build.0 = Debug|Any CPU
		{9FBC4169-0F7D-48A8-8005-F473A099BD28}.Release|Any CPU.ActiveCfg = Release|Any CPU
		{9FBC4169-0F7D-48A8-8005-F473A099BD28}.Release|Any CPU.Build.0 = Release|Any CPU
		{ECE029EA-8529-4CC2-BCF5-41BB92309281}.Debug|Any CPU.ActiveCfg = Debug|Any CPU
		{ECE029EA-8529-4CC2-BCF5-41BB92309281}.Debug|Any CPU.Build.0 = Debug|Any CPU
		{ECE029EA-8529-4CC2-BCF5-41BB92309281}.Release|Any CPU.ActiveCfg = Release|Any CPU
		{ECE029EA-8529-4CC2-BCF5-41BB92309281}.Release|Any CPU.Build.0 = Release|Any CPU
		{C68BBF4A-2931-4DA7-8F48-22996C0C8FFA}.Debug|Any CPU.ActiveCfg = Debug|Any CPU
		{C68BBF4A-2931-4DA7-8F48-22996C0C8FFA}.Debug|Any CPU.Build.0 = Debug|Any CPU
		{C68BBF4A-2931-4DA7-8F48-22996C0C8FFA}.Release|Any CPU.ActiveCfg = Release|Any CPU
		{C68BBF4A-2931-4DA7-8F48-22996C0C8FFA}.Release|Any CPU.Build.0 = Release|Any CPU
		{37180D23-8E28-4B8A-B62D-543E4250139F}.Debug|Any CPU.ActiveCfg = Debug|Any CPU
		{37180D23-8E28-4B8A-B62D-543E4250139F}.Debug|Any CPU.Build.0 = Debug|Any CPU
		{37180D23-8E28-4B8A-B62D-543E4250139F}.Release|Any CPU.ActiveCfg = Release|Any CPU
		{37180D23-8E28-4B8A-B62D-543E4250139F}.Release|Any CPU.Build.0 = Release|Any CPU
		{11BA2FC2-F95C-4C14-A696-BAF1B3E1D5F7}.Debug|Any CPU.ActiveCfg = Debug|Any CPU
		{11BA2FC2-F95C-4C14-A696-BAF1B3E1D5F7}.Debug|Any CPU.Build.0 = Debug|Any CPU
		{11BA2FC2-F95C-4C14-A696-BAF1B3E1D5F7}.Release|Any CPU.ActiveCfg = Release|Any CPU
		{11BA2FC2-F95C-4C14-A696-BAF1B3E1D5F7}.Release|Any CPU.Build.0 = Release|Any CPU
		{8F70D040-A37E-454F-9467-27085078FF31}.Debug|Any CPU.ActiveCfg = Debug|Any CPU
		{8F70D040-A37E-454F-9467-27085078FF31}.Debug|Any CPU.Build.0 = Debug|Any CPU
		{8F70D040-A37E-454F-9467-27085078FF31}.Release|Any CPU.ActiveCfg = Release|Any CPU
		{8F70D040-A37E-454F-9467-27085078FF31}.Release|Any CPU.Build.0 = Release|Any CPU
		{FC7144E0-9E63-413C-A42A-42943C43EC81}.Debug|Any CPU.ActiveCfg = Debug|Any CPU
		{FC7144E0-9E63-413C-A42A-42943C43EC81}.Debug|Any CPU.Build.0 = Debug|Any CPU
		{FC7144E0-9E63-413C-A42A-42943C43EC81}.Release|Any CPU.ActiveCfg = Release|Any CPU
		{FC7144E0-9E63-413C-A42A-42943C43EC81}.Release|Any CPU.Build.0 = Release|Any CPU
		{140E9CDD-0162-4994-8635-EF4F3C9848BE}.Debug|Any CPU.ActiveCfg = Debug|Any CPU
		{140E9CDD-0162-4994-8635-EF4F3C9848BE}.Debug|Any CPU.Build.0 = Debug|Any CPU
		{140E9CDD-0162-4994-8635-EF4F3C9848BE}.Release|Any CPU.ActiveCfg = Release|Any CPU
		{140E9CDD-0162-4994-8635-EF4F3C9848BE}.Release|Any CPU.Build.0 = Release|Any CPU
		{AFF58E7E-BA12-4961-BB4C-2EAE1BCE8E72}.Debug|Any CPU.ActiveCfg = Debug|Any CPU
		{AFF58E7E-BA12-4961-BB4C-2EAE1BCE8E72}.Debug|Any CPU.Build.0 = Debug|Any CPU
		{AFF58E7E-BA12-4961-BB4C-2EAE1BCE8E72}.Release|Any CPU.ActiveCfg = Release|Any CPU
		{AFF58E7E-BA12-4961-BB4C-2EAE1BCE8E72}.Release|Any CPU.Build.0 = Release|Any CPU
		{685F7E21-6D19-49C1-B44B-69E4BC30100B}.Debug|Any CPU.ActiveCfg = Debug|Any CPU
		{685F7E21-6D19-49C1-B44B-69E4BC30100B}.Debug|Any CPU.Build.0 = Debug|Any CPU
		{685F7E21-6D19-49C1-B44B-69E4BC30100B}.Release|Any CPU.ActiveCfg = Release|Any CPU
		{685F7E21-6D19-49C1-B44B-69E4BC30100B}.Release|Any CPU.Build.0 = Release|Any CPU
		{C405F9E3-4310-4739-9FC0-0D2BEAFBF785}.Debug|Any CPU.ActiveCfg = Debug|Any CPU
		{C405F9E3-4310-4739-9FC0-0D2BEAFBF785}.Debug|Any CPU.Build.0 = Debug|Any CPU
		{C405F9E3-4310-4739-9FC0-0D2BEAFBF785}.Release|Any CPU.ActiveCfg = Release|Any CPU
		{C405F9E3-4310-4739-9FC0-0D2BEAFBF785}.Release|Any CPU.Build.0 = Release|Any CPU
		{FC82F1EA-4CCA-4E3D-9272-3CA82B1E715C}.Debug|Any CPU.ActiveCfg = Debug|Any CPU
		{FC82F1EA-4CCA-4E3D-9272-3CA82B1E715C}.Debug|Any CPU.Build.0 = Debug|Any CPU
		{FC82F1EA-4CCA-4E3D-9272-3CA82B1E715C}.Release|Any CPU.ActiveCfg = Release|Any CPU
		{FC82F1EA-4CCA-4E3D-9272-3CA82B1E715C}.Release|Any CPU.Build.0 = Release|Any CPU
		{23AE2B9E-5474-4D69-A212-0FF94DEDD152}.Debug|Any CPU.ActiveCfg = Debug|Any CPU
		{23AE2B9E-5474-4D69-A212-0FF94DEDD152}.Debug|Any CPU.Build.0 = Debug|Any CPU
		{23AE2B9E-5474-4D69-A212-0FF94DEDD152}.Release|Any CPU.ActiveCfg = Release|Any CPU
		{23AE2B9E-5474-4D69-A212-0FF94DEDD152}.Release|Any CPU.Build.0 = Release|Any CPU
		{892D5702-EBE4-4346-A283-F8398DCE29E2}.Debug|Any CPU.ActiveCfg = Debug|Any CPU
		{892D5702-EBE4-4346-A283-F8398DCE29E2}.Debug|Any CPU.Build.0 = Debug|Any CPU
		{892D5702-EBE4-4346-A283-F8398DCE29E2}.Release|Any CPU.ActiveCfg = Release|Any CPU
		{892D5702-EBE4-4346-A283-F8398DCE29E2}.Release|Any CPU.Build.0 = Release|Any CPU
		{6BDD492A-FA49-45A5-8E68-BA52F9D939A8}.Debug|Any CPU.ActiveCfg = Debug|Any CPU
		{6BDD492A-FA49-45A5-8E68-BA52F9D939A8}.Debug|Any CPU.Build.0 = Debug|Any CPU
		{6BDD492A-FA49-45A5-8E68-BA52F9D939A8}.Release|Any CPU.ActiveCfg = Release|Any CPU
		{6BDD492A-FA49-45A5-8E68-BA52F9D939A8}.Release|Any CPU.Build.0 = Release|Any CPU
		{83875237-B2E0-4FFD-9B8F-303612A3E212}.Debug|Any CPU.ActiveCfg = Debug|Any CPU
		{83875237-B2E0-4FFD-9B8F-303612A3E212}.Debug|Any CPU.Build.0 = Debug|Any CPU
		{83875237-B2E0-4FFD-9B8F-303612A3E212}.Release|Any CPU.ActiveCfg = Release|Any CPU
		{83875237-B2E0-4FFD-9B8F-303612A3E212}.Release|Any CPU.Build.0 = Release|Any CPU
		{183FE76E-D684-44FC-9B4B-5800712B5252}.Debug|Any CPU.ActiveCfg = Debug|Any CPU
		{183FE76E-D684-44FC-9B4B-5800712B5252}.Debug|Any CPU.Build.0 = Debug|Any CPU
		{183FE76E-D684-44FC-9B4B-5800712B5252}.Release|Any CPU.ActiveCfg = Release|Any CPU
		{183FE76E-D684-44FC-9B4B-5800712B5252}.Release|Any CPU.Build.0 = Release|Any CPU
	EndGlobalSection
	GlobalSection(SolutionProperties) = preSolution
		HideSolutionNode = FALSE
	EndGlobalSection
	GlobalSection(NestedProjects) = preSolution
		{04AD14C8-9A4D-47B0-8F60-D49D36A6A6EB} = {86C3BAA7-522F-447E-A744-DA0005F4E4C5}
		{8321C2D1-ADEB-4FC7-9301-59C8762D531F} = {86C3BAA7-522F-447E-A744-DA0005F4E4C5}
		{95B28600-5322-40C4-8909-B330E80EA80D} = {86C3BAA7-522F-447E-A744-DA0005F4E4C5}
		{C6CCC019-6A3D-4C0D-A818-8AA835E87185} = {BA6AD819-9D99-4120-B36B-B02B6B95AC81}
		{390F541E-ED4A-4D43-833C-C085D33AD13F} = {BA6AD819-9D99-4120-B36B-B02B6B95AC81}
		{1212DC93-1898-4EFD-9692-81D4CD18511D} = {BA6AD819-9D99-4120-B36B-B02B6B95AC81}
		{B43ED2D4-EE0F-4041-A8DF-58C81583170A} = {13E7A6FB-123E-4318-AD08-C34D7029FCE8}
		{9FBC4169-0F7D-48A8-8005-F473A099BD28} = {13E7A6FB-123E-4318-AD08-C34D7029FCE8}
		{ECE029EA-8529-4CC2-BCF5-41BB92309281} = {13E7A6FB-123E-4318-AD08-C34D7029FCE8}
		{C68BBF4A-2931-4DA7-8F48-22996C0C8FFA} = {41DA403C-476C-4E5D-B446-F43E1B209FC7}
		{37180D23-8E28-4B8A-B62D-543E4250139F} = {41DA403C-476C-4E5D-B446-F43E1B209FC7}
		{11BA2FC2-F95C-4C14-A696-BAF1B3E1D5F7} = {41DA403C-476C-4E5D-B446-F43E1B209FC7}
		{8F70D040-A37E-454F-9467-27085078FF31} = {C269E305-D568-4C04-ABEF-891FDBAB1ACB}
		{FC7144E0-9E63-413C-A42A-42943C43EC81} = {C269E305-D568-4C04-ABEF-891FDBAB1ACB}
		{140E9CDD-0162-4994-8635-EF4F3C9848BE} = {C269E305-D568-4C04-ABEF-891FDBAB1ACB}
		{AFF58E7E-BA12-4961-BB4C-2EAE1BCE8E72} = {C88B69AE-9C36-4B86-9863-B2CA19FDECA7}
		{685F7E21-6D19-49C1-B44B-69E4BC30100B} = {C88B69AE-9C36-4B86-9863-B2CA19FDECA7}
		{C405F9E3-4310-4739-9FC0-0D2BEAFBF785} = {C88B69AE-9C36-4B86-9863-B2CA19FDECA7}
		{FC82F1EA-4CCA-4E3D-9272-3CA82B1E715C} = {CA9331C5-BC13-4B0C-8795-3B279CA58353}
		{23AE2B9E-5474-4D69-A212-0FF94DEDD152} = {CA9331C5-BC13-4B0C-8795-3B279CA58353}
		{892D5702-EBE4-4346-A283-F8398DCE29E2} = {CA9331C5-BC13-4B0C-8795-3B279CA58353}
		{6BDD492A-FA49-45A5-8E68-BA52F9D939A8} = {D62FAFE4-2BEB-4D6A-8F41-F20C7A30DADC}
		{83875237-B2E0-4FFD-9B8F-303612A3E212} = {D62FAFE4-2BEB-4D6A-8F41-F20C7A30DADC}
		{183FE76E-D684-44FC-9B4B-5800712B5252} = {D62FAFE4-2BEB-4D6A-8F41-F20C7A30DADC}
	EndGlobalSection
	GlobalSection(ExtensibilityGlobals) = postSolution
		SolutionGuid = {C7FB9EF5-6D54-4198-AB8F-CEEBA02DFA6A}
	EndGlobalSection
EndGlobal
