
Microsoft Visual Studio Solution File, Format Version 12.00
# Visual Studio Version 16
VisualStudioVersion = 16.0.34031.81
MinimumVisualStudioVersion = 10.0.40219.1
Project("{2150E333-8FDC-42A3-9474-1A3956D46DE8}") = "Task0", "Task0", "{86C3BAA7-522F-447E-A744-DA0005F4E4C5}"
EndProject
Project("{FAE04EC0-301F-11D3-BF4B-00C04F79EFBC}") = "Tyuiu.ZainagabdinovR.A.Sprint1.Task0.V8", "Tyuiu.ZainagabdinovR.A.Sprint1.Task0.V8\Tyuiu.ZainagabdinovR.A.Sprint1.Task0.V8.csproj", "{04AD14C8-9A4D-47B0-8F60-D49D36A6A6EB}"
EndProject
Project("{FAE04EC0-301F-11D3-BF4B-00C04F79EFBC}") = "Tyuiu.ZainagabdinovR.A.Sprint1.Task0.V8.Lib", "Tyuiu.ZainagabdinovR.A.Sprint1.Task0.V8.Lib\Tyuiu.ZainagabdinovR.A.Sprint1.Task0.V8.Lib.csproj", "{8321C2D1-ADEB-4FC7-9301-59C8762D531F}"
EndProject
Project("{FAE04EC0-301F-11D3-BF4B-00C04F79EFBC}") = "Tyuiu.ZainagabdinovR.A.Sprint1.Task0.V8.Test", "Tyuiu.ZainagabdinovR.A.Sprint1.Task0.V8.Test\Tyuiu.ZainagabdinovR.A.Sprint1.Task0.V8.Test.csproj", "{95B28600-5322-40C4-8909-B330E80EA80D}"
EndProject
Global
	GlobalSection(SolutionConfigurationPlatforms) = preSolution
		Debug|Any CPU = Debug|Any CPU
		Release|Any CPU = Release|Any CPU
	EndGlobalSection
	GlobalSection(ProjectConfigurationPlatforms) = postSolution
		{04AD14C8-9A4D-47B0-8F60-D49D36A6A6EB}.Debug|Any CPU.ActiveCfg = Debug|Any CPU
		{04AD14C8-9A4D-47B0-8F60-D49D36A6A6EB}.Debug|Any CPU.Build.0 = Debug|Any CPU
		{04AD14C8-9A4D-47B0-8F60-D49D36A6A6EB}.Release|Any CPU.ActiveCfg = Release|Any CPU
		{04AD14C8-9A4D-47B0-8F60-D49D36A6A6EB}.Release|Any CPU.Build.0 = Release|Any CPU
		{8321C2D1-ADEB-4FC7-9301-59C8762D531F}.Debug|Any CPU.ActiveCfg = Debug|Any CPU
		{8321C2D1-ADEB-4FC7-9301-59C8762D531F}.Debug|Any CPU.Build.0 = Debug|Any CPU
		{8321C2D1-ADEB-4FC7-9301-59C8762D531F}.Release|Any CPU.ActiveCfg = Release|Any CPU
		{8321C2D1-ADEB-4FC7-9301-59C8762D531F}.Release|Any CPU.Build.0 = Release|Any CPU
		{95B28600-5322-40C4-8909-B330E80EA80D}.Debug|Any CPU.ActiveCfg = Debug|Any CPU
		{95B28600-5322-40C4-8909-B330E80EA80D}.Debug|Any CPU.Build.0 = Debug|Any CPU
		{95B28600-5322-40C4-8909-B330E80EA80D}.Release|Any CPU.ActiveCfg = Release|Any CPU
		{95B28600-5322-40C4-8909-B330E80EA80D}.Release|Any CPU.Build.0 = Release|Any CPU
	EndGlobalSection
	GlobalSection(SolutionProperties) = preSolution
		HideSolutionNode = FALSE
	EndGlobalSection
	GlobalSection(NestedProjects) = preSolution
		{04AD14C8-9A4D-47B0-8F60-D49D36A6A6EB} = {86C3BAA7-522F-447E-A744-DA0005F4E4C5}
		{8321C2D1-ADEB-4FC7-9301-59C8762D531F} = {86C3BAA7-522F-447E-A744-DA0005F4E4C5}
		{95B28600-5322-40C4-8909-B330E80EA80D} = {86C3BAA7-522F-447E-A744-DA0005F4E4C5}
	EndGlobalSection
	GlobalSection(ExtensibilityGlobals) = postSolution
		SolutionGuid = {C7FB9EF5-6D54-4198-AB8F-CEEBA02DFA6A}
	EndGlobalSection
EndGlobal
